// !$*UTF8*$!
{
	archiveVersion = 1;
	classes = {
	};
	objectVersion = 77;
	objects = {

/* Begin PBXCopyFilesBuildPhase section */
		B059CB792D42B81F002600D9 /* CopyFiles */ = {
			isa = PBXCopyFilesBuildPhase;
			buildActionMask = 2147483647;
			dstPath = /usr/share/man/man1/;
			dstSubfolderSpec = 0;
			files = (
			);
			runOnlyForDeploymentPostprocessing = 1;
		};
		B07A23622D36D6E100FB0451 /* CopyFiles */ = {
			isa = PBXCopyFilesBuildPhase;
			buildActionMask = 2147483647;
			dstPath = /usr/share/man/man1/;
			dstSubfolderSpec = 0;
			files = (
			);
			runOnlyForDeploymentPostprocessing = 1;
		};
		B0B79CBB2D3589820079C065 /* CopyFiles */ = {
			isa = PBXCopyFilesBuildPhase;
			buildActionMask = 2147483647;
			dstPath = /usr/share/man/man1/;
			dstSubfolderSpec = 0;
			files = (
			);
			runOnlyForDeploymentPostprocessing = 1;
		};
/* End PBXCopyFilesBuildPhase section */

/* Begin PBXFileReference section */
		B059CB7B2D42B81F002600D9 /* step lab main */ = {isa = PBXFileReference; explicitFileType = "compiled.mach-o.executable"; includeInIndex = 0; path = "step lab main"; sourceTree = BUILT_PRODUCTS_DIR; };
		B07A23642D36D6E100FB0451 /* testing */ = {isa = PBXFileReference; explicitFileType = "compiled.mach-o.executable"; includeInIndex = 0; path = testing; sourceTree = BUILT_PRODUCTS_DIR; };
		B0B79CBD2D3589820079C065 /* step lab */ = {isa = PBXFileReference; explicitFileType = "compiled.mach-o.executable"; includeInIndex = 0; path = "step lab"; sourceTree = BUILT_PRODUCTS_DIR; };
/* End PBXFileReference section */

/* Begin PBXFileSystemSynchronizedBuildFileExceptionSet section */
		B07A236B2D36D6E500FB0451 /* Exceptions for "testing" folder in "step lab" target */ = {
			isa = PBXFileSystemSynchronizedBuildFileExceptionSet;
			membershipExceptions = (
				exceptions.cpp,
			);
			target = B0B79CBC2D3589820079C065 /* step lab */;
		};
		B07A236C2D36D6E500FB0451 /* Exceptions for "testing" folder in "testing" target */ = {
			isa = PBXFileSystemSynchronizedBuildFileExceptionSet;
			membershipExceptions = (
				exceptions.cpp,
			);
			target = B07A23632D36D6E100FB0451 /* testing */;
		};
/* End PBXFileSystemSynchronizedBuildFileExceptionSet section */

/* Begin PBXFileSystemSynchronizedRootGroup section */
		B059CB7C2D42B81F002600D9 /* step lab main */ = {
			isa = PBXFileSystemSynchronizedRootGroup;
			path = "step lab main";
			sourceTree = "<group>";
		};
		B07A23552D36D45B00FB0451 /* documentation */ = {
			isa = PBXFileSystemSynchronizedRootGroup;
			path = documentation;
			sourceTree = "<group>";
		};
		B07A23582D36D54000FB0451 /* includes */ = {
			isa = PBXFileSystemSynchronizedRootGroup;
			path = includes;
			sourceTree = "<group>";
		};
		B07A23652D36D6E100FB0451 /* testing */ = {
			isa = PBXFileSystemSynchronizedRootGroup;
			exceptions = (
				B07A236B2D36D6E500FB0451 /* Exceptions for "testing" folder in "step lab" target */,
				B07A236C2D36D6E500FB0451 /* Exceptions for "testing" folder in "testing" target */,
			);
			path = testing;
			sourceTree = "<group>";
		};
		B0B79CBF2D3589820079C065 /* step lab */ = {
			isa = PBXFileSystemSynchronizedRootGroup;
			path = "step lab";
			sourceTree = "<group>";
		};
/* End PBXFileSystemSynchronizedRootGroup section */

/* Begin PBXFrameworksBuildPhase section */
		B059CB782D42B81F002600D9 /* Frameworks */ = {
			isa = PBXFrameworksBuildPhase;
			buildActionMask = 2147483647;
			files = (
			);
			runOnlyForDeploymentPostprocessing = 0;
		};
		B07A23612D36D6E100FB0451 /* Frameworks */ = {
			isa = PBXFrameworksBuildPhase;
			buildActionMask = 2147483647;
			files = (
			);
			runOnlyForDeploymentPostprocessing = 0;
		};
		B0B79CBA2D3589820079C065 /* Frameworks */ = {
			isa = PBXFrameworksBuildPhase;
			buildActionMask = 2147483647;
			files = (
			);
			runOnlyForDeploymentPostprocessing = 0;
		};
/* End PBXFrameworksBuildPhase section */

/* Begin PBXGroup section */
		B0B79CB42D3589820079C065 = {
			isa = PBXGroup;
			children = (
				B07A23582D36D54000FB0451 /* includes */,
				B07A23552D36D45B00FB0451 /* documentation */,
				B0B79CBF2D3589820079C065 /* step lab */,
				B07A23652D36D6E100FB0451 /* testing */,
				B059CB7C2D42B81F002600D9 /* step lab main */,
				B0B79CBE2D3589820079C065 /* Products */,
			);
			sourceTree = "<group>";
		};
		B0B79CBE2D3589820079C065 /* Products */ = {
			isa = PBXGroup;
			children = (
				B0B79CBD2D3589820079C065 /* step lab */,
				B07A23642D36D6E100FB0451 /* testing */,
				B059CB7B2D42B81F002600D9 /* step lab main */,
			);
			name = Products;
			sourceTree = "<group>";
		};
/* End PBXGroup section */

/* Begin PBXNativeTarget section */
		B059CB7A2D42B81F002600D9 /* step lab main */ = {
			isa = PBXNativeTarget;
			buildConfigurationList = B059CB7F2D42B81F002600D9 /* Build configuration list for PBXNativeTarget "step lab main" */;
			buildPhases = (
				B059CB772D42B81F002600D9 /* Sources */,
				B059CB782D42B81F002600D9 /* Frameworks */,
				B059CB792D42B81F002600D9 /* CopyFiles */,
			);
			buildRules = (
			);
			dependencies = (
			);
			fileSystemSynchronizedGroups = (
				B059CB7C2D42B81F002600D9 /* step lab main */,
			);
			name = "step lab main";
			packageProductDependencies = (
			);
			productName = "step lab main";
			productReference = B059CB7B2D42B81F002600D9 /* step lab main */;
			productType = "com.apple.product-type.tool";
		};
		B07A23632D36D6E100FB0451 /* testing */ = {
			isa = PBXNativeTarget;
			buildConfigurationList = B07A23682D36D6E100FB0451 /* Build configuration list for PBXNativeTarget "testing" */;
			buildPhases = (
				B07A23602D36D6E100FB0451 /* Sources */,
				B07A23612D36D6E100FB0451 /* Frameworks */,
				B07A23622D36D6E100FB0451 /* CopyFiles */,
			);
			buildRules = (
			);
			dependencies = (
			);
			fileSystemSynchronizedGroups = (
				B07A23652D36D6E100FB0451 /* testing */,
			);
			name = testing;
			packageProductDependencies = (
			);
			productName = testing;
			productReference = B07A23642D36D6E100FB0451 /* testing */;
			productType = "com.apple.product-type.tool";
		};
		B0B79CBC2D3589820079C065 /* step lab */ = {
			isa = PBXNativeTarget;
			buildConfigurationList = B0B79CC42D3589820079C065 /* Build configuration list for PBXNativeTarget "step lab" */;
			buildPhases = (
				B0B79CB92D3589820079C065 /* Sources */,
				B0B79CBA2D3589820079C065 /* Frameworks */,
				B0B79CBB2D3589820079C065 /* CopyFiles */,
			);
			buildRules = (
			);
			dependencies = (
			);
			fileSystemSynchronizedGroups = (
				B07A23552D36D45B00FB0451 /* documentation */,
				B07A23582D36D54000FB0451 /* includes */,
				B0B79CBF2D3589820079C065 /* step lab */,
			);
			name = "step lab";
			packageProductDependencies = (
			);
			productName = "step lab";
			productReference = B0B79CBD2D3589820079C065 /* step lab */;
			productType = "com.apple.product-type.tool";
		};
/* End PBXNativeTarget section */

/* Begin PBXProject section */
		B0B79CB52D3589820079C065 /* Project object */ = {
			isa = PBXProject;
			attributes = {
				BuildIndependentTargetsInParallel = 1;
				LastUpgradeCheck = 1600;
				TargetAttributes = {
					B059CB7A2D42B81F002600D9 = {
						CreatedOnToolsVersion = 16.0;
					};
					B07A23632D36D6E100FB0451 = {
						CreatedOnToolsVersion = 16.0;
					};
					B0B79CBC2D3589820079C065 = {
						CreatedOnToolsVersion = 16.0;
					};
				};
			};
			buildConfigurationList = B0B79CB82D3589820079C065 /* Build configuration list for PBXProject "step lab" */;
			developmentRegion = en;
			hasScannedForEncodings = 0;
			knownRegions = (
				en,
				Base,
			);
			mainGroup = B0B79CB42D3589820079C065;
			minimizedProjectReferenceProxies = 1;
			preferredProjectObjectVersion = 77;
			productRefGroup = B0B79CBE2D3589820079C065 /* Products */;
			projectDirPath = "";
			projectRoot = "";
			targets = (
				B0B79CBC2D3589820079C065 /* step lab */,
				B07A23632D36D6E100FB0451 /* testing */,
				B059CB7A2D42B81F002600D9 /* step lab main */,
			);
		};
/* End PBXProject section */

/* Begin PBXSourcesBuildPhase section */
		B059CB772D42B81F002600D9 /* Sources */ = {
			isa = PBXSourcesBuildPhase;
			buildActionMask = 2147483647;
			files = (
			);
			runOnlyForDeploymentPostprocessing = 0;
		};
		B07A23602D36D6E100FB0451 /* Sources */ = {
			isa = PBXSourcesBuildPhase;
			buildActionMask = 2147483647;
			files = (
			);
			runOnlyForDeploymentPostprocessing = 0;
		};
		B0B79CB92D3589820079C065 /* Sources */ = {
			isa = PBXSourcesBuildPhase;
			buildActionMask = 2147483647;
			files = (
			);
			runOnlyForDeploymentPostprocessing = 0;
		};
/* End PBXSourcesBuildPhase section */

/* Begin XCBuildConfiguration section */
		B059CB802D42B81F002600D9 /* Debug */ = {
			isa = XCBuildConfiguration;
			buildSettings = {
				CODE_SIGN_STYLE = Automatic;
				PRODUCT_NAME = "$(TARGET_NAME)";
			};
			name = Debug;
		};
		B059CB812D42B81F002600D9 /* Release */ = {
			isa = XCBuildConfiguration;
			buildSettings = {
				CODE_SIGN_STYLE = Automatic;
				PRODUCT_NAME = "$(TARGET_NAME)";
			};
			name = Release;
		};
		B07A23692D36D6E100FB0451 /* Debug */ = {
			isa = XCBuildConfiguration;
			buildSettings = {
				CODE_SIGN_STYLE = Automatic;
				PRODUCT_NAME = "$(TARGET_NAME)";
			};
			name = Debug;
		};
		B07A236A2D36D6E100FB0451 /* Release */ = {
			isa = XCBuildConfiguration;
			buildSettings = {
				CODE_SIGN_STYLE = Automatic;
				PRODUCT_NAME = "$(TARGET_NAME)";
			};
			name = Release;
		};
		B0B79CC22D3589820079C065 /* Debug */ = {
			isa = XCBuildConfiguration;
			buildSettings = {
				ALWAYS_SEARCH_USER_PATHS = NO;
				ASSETCATALOG_COMPILER_GENERATE_SWIFT_ASSET_SYMBOL_EXTENSIONS = YES;
				CLANG_ANALYZER_NONNULL = YES;
				CLANG_ANALYZER_NUMBER_OBJECT_CONVERSION = YES_AGGRESSIVE;
				CLANG_CXX_LANGUAGE_STANDARD = "gnu++20";
				CLANG_ENABLE_MODULES = YES;
				CLANG_ENABLE_OBJC_ARC = YES;
				CLANG_ENABLE_OBJC_WEAK = YES;
				CLANG_WARN_BLOCK_CAPTURE_AUTORELEASING = YES;
				CLANG_WARN_BOOL_CONVERSION = YES;
				CLANG_WARN_COMMA = YES;
				CLANG_WARN_CONSTANT_CONVERSION = YES;
				CLANG_WARN_DEPRECATED_OBJC_IMPLEMENTATIONS = YES;
				CLANG_WARN_DIRECT_OBJC_ISA_USAGE = YES_ERROR;
				CLANG_WARN_DOCUMENTATION_COMMENTS = YES;
				CLANG_WARN_EMPTY_BODY = YES;
				CLANG_WARN_ENUM_CONVERSION = YES;
				CLANG_WARN_INFINITE_RECURSION = YES;
				CLANG_WARN_INT_CONVERSION = YES;
				CLANG_WARN_NON_LITERAL_NULL_CONVERSION = YES;
				CLANG_WARN_OBJC_IMPLICIT_RETAIN_SELF = YES;
				CLANG_WARN_OBJC_LITERAL_CONVERSION = YES;
				CLANG_WARN_OBJC_ROOT_CLASS = YES_ERROR;
				CLANG_WARN_QUOTED_INCLUDE_IN_FRAMEWORK_HEADER = YES;
				CLANG_WARN_RANGE_LOOP_ANALYSIS = YES;
				CLANG_WARN_STRICT_PROTOTYPES = YES;
				CLANG_WARN_SUSPICIOUS_MOVE = YES;
				CLANG_WARN_UNGUARDED_AVAILABILITY = YES_AGGRESSIVE;
				CLANG_WARN_UNREACHABLE_CODE = YES;
				CLANG_WARN__DUPLICATE_METHOD_MATCH = YES;
				COPY_PHASE_STRIP = NO;
				DEBUG_INFORMATION_FORMAT = dwarf;
				ENABLE_STRICT_OBJC_MSGSEND = YES;
				ENABLE_TESTABILITY = YES;
				ENABLE_USER_SCRIPT_SANDBOXING = YES;
				GCC_C_LANGUAGE_STANDARD = gnu17;
				GCC_DYNAMIC_NO_PIC = NO;
				GCC_NO_COMMON_BLOCKS = YES;
				GCC_OPTIMIZATION_LEVEL = 0;
				GCC_PREPROCESSOR_DEFINITIONS = (
					"DEBUG=1",
					"$(inherited)",
				);
				GCC_WARN_64_TO_32_BIT_CONVERSION = YES;
				GCC_WARN_ABOUT_RETURN_TYPE = YES_ERROR;
				GCC_WARN_UNDECLARED_SELECTOR = YES;
				GCC_WARN_UNINITIALIZED_AUTOS = YES_AGGRESSIVE;
				GCC_WARN_UNUSED_FUNCTION = YES;
				GCC_WARN_UNUSED_VARIABLE = YES;
				LOCALIZATION_PREFERS_STRING_CATALOGS = YES;
				MACOSX_DEPLOYMENT_TARGET = 15.0;
				MTL_ENABLE_DEBUG_INFO = INCLUDE_SOURCE;
				MTL_FAST_MATH = YES;
				ONLY_ACTIVE_ARCH = YES;
				SDKROOT = macosx;
			};
			name = Debug;
		};
		B0B79CC32D3589820079C065 /* Release */ = {
			isa = XCBuildConfiguration;
			buildSettings = {
				ALWAYS_SEARCH_USER_PATHS = NO;
				ASSETCATALOG_COMPILER_GENERATE_SWIFT_ASSET_SYMBOL_EXTENSIONS = YES;
				CLANG_ANALYZER_NONNULL = YES;
				CLANG_ANALYZER_NUMBER_OBJECT_CONVERSION = YES_AGGRESSIVE;
				CLANG_CXX_LANGUAGE_STANDARD = "gnu++20";
				CLANG_ENABLE_MODULES = YES;
				CLANG_ENABLE_OBJC_ARC = YES;
				CLANG_ENABLE_OBJC_WEAK = YES;
				CLANG_WARN_BLOCK_CAPTURE_AUTORELEASING = YES;
				CLANG_WARN_BOOL_CONVERSION = YES;
				CLANG_WARN_COMMA = YES;
				CLANG_WARN_CONSTANT_CONVERSION = YES;
				CLANG_WARN_DEPRECATED_OBJC_IMPLEMENTATIONS = YES;
				CLANG_WARN_DIRECT_OBJC_ISA_USAGE = YES_ERROR;
				CLANG_WARN_DOCUMENTATION_COMMENTS = YES;
				CLANG_WARN_EMPTY_BODY = YES;
				CLANG_WARN_ENUM_CONVERSION = YES;
				CLANG_WARN_INFINITE_RECURSION = YES;
				CLANG_WARN_INT_CONVERSION = YES;
				CLANG_WARN_NON_LITERAL_NULL_CONVERSION = YES;
				CLANG_WARN_OBJC_IMPLICIT_RETAIN_SELF = YES;
				CLANG_WARN_OBJC_LITERAL_CONVERSION = YES;
				CLANG_WARN_OBJC_ROOT_CLASS = YES_ERROR;
				CLANG_WARN_QUOTED_INCLUDE_IN_FRAMEWORK_HEADER = YES;
				CLANG_WARN_RANGE_LOOP_ANALYSIS = YES;
				CLANG_WARN_STRICT_PROTOTYPES = YES;
				CLANG_WARN_SUSPICIOUS_MOVE = YES;
				CLANG_WARN_UNGUARDED_AVAILABILITY = YES_AGGRESSIVE;
				CLANG_WARN_UNREACHABLE_CODE = YES;
				CLANG_WARN__DUPLICATE_METHOD_MATCH = YES;
				COPY_PHASE_STRIP = NO;
				DEBUG_INFORMATION_FORMAT = "dwarf-with-dsym";
				ENABLE_NS_ASSERTIONS = NO;
				ENABLE_STRICT_OBJC_MSGSEND = YES;
				ENABLE_USER_SCRIPT_SANDBOXING = YES;
				GCC_C_LANGUAGE_STANDARD = gnu17;
				GCC_NO_COMMON_BLOCKS = YES;
				GCC_WARN_64_TO_32_BIT_CONVERSION = YES;
				GCC_WARN_ABOUT_RETURN_TYPE = YES_ERROR;
				GCC_WARN_UNDECLARED_SELECTOR = YES;
				GCC_WARN_UNINITIALIZED_AUTOS = YES_AGGRESSIVE;
				GCC_WARN_UNUSED_FUNCTION = YES;
				GCC_WARN_UNUSED_VARIABLE = YES;
				LOCALIZATION_PREFERS_STRING_CATALOGS = YES;
				MACOSX_DEPLOYMENT_TARGET = 15.0;
				MTL_ENABLE_DEBUG_INFO = NO;
				MTL_FAST_MATH = YES;
				SDKROOT = macosx;
			};
			name = Release;
		};
		B0B79CC52D3589820079C065 /* Debug */ = {
			isa = XCBuildConfiguration;
			buildSettings = {
				CODE_SIGN_STYLE = Automatic;
				MACOSX_DEPLOYMENT_TARGET = 13.5;
				PRODUCT_NAME = "$(TARGET_NAME)";
			};
			name = Debug;
		};
		B0B79CC62D3589820079C065 /* Release */ = {
			isa = XCBuildConfiguration;
			buildSettings = {
				CODE_SIGN_STYLE = Automatic;
				MACOSX_DEPLOYMENT_TARGET = 13.5;
				PRODUCT_NAME = "$(TARGET_NAME)";
			};
			name = Release;
		};
/* End XCBuildConfiguration section */

/* Begin XCConfigurationList section */
		B059CB7F2D42B81F002600D9 /* Build configuration list for PBXNativeTarget "step lab main" */ = {
			isa = XCConfigurationList;
			buildConfigurations = (
				B059CB802D42B81F002600D9 /* Debug */,
				B059CB812D42B81F002600D9 /* Release */,
			);
			defaultConfigurationIsVisible = 0;
			defaultConfigurationName = Release;
		};
		B07A23682D36D6E100FB0451 /* Build configuration list for PBXNativeTarget "testing" */ = {
			isa = XCConfigurationList;
			buildConfigurations = (
				B07A23692D36D6E100FB0451 /* Debug */,
				B07A236A2D36D6E100FB0451 /* Release */,
			);
			defaultConfigurationIsVisible = 0;
			defaultConfigurationName = Release;
		};
		B0B79CB82D3589820079C065 /* Build configuration list for PBXProject "step lab" */ = {
			isa = XCConfigurationList;
			buildConfigurations = (
				B0B79CC22D3589820079C065 /* Debug */,
				B0B79CC32D3589820079C065 /* Release */,
			);
			defaultConfigurationIsVisible = 0;
			defaultConfigurationName = Release;
		};
		B0B79CC42D3589820079C065 /* Build configuration list for PBXNativeTarget "step lab" */ = {
			isa = XCConfigurationList;
			buildConfigurations = (
				B0B79CC52D3589820079C065 /* Debug */,
				B0B79CC62D3589820079C065 /* Release */,
			);
			defaultConfigurationIsVisible = 0;
			defaultConfigurationName = Release;
		};
/* End XCConfigurationList section */
	};
	rootObject = B0B79CB52D3589820079C065 /* Project object */;
}
