// !$*UTF8*$!
{
	archiveVersion = 1;
	classes = {
	};
	objectVersion = 46;
	objects = {

/* Begin PBXAggregateTarget section */
		34B0DC928C78810DFCC8C4B8 /* ALL_BUILD */ = {
			isa = PBXAggregateTarget;
			buildConfigurationList = 6098E4BC3DEA47E1BE1DA02D /* Build configuration list for PBXAggregateTarget "ALL_BUILD" */;
			buildPhases = (
				BA59B84501F2E0764EF8B6BB /* Generate CMakeFiles/ALL_BUILD */,
			);
			dependencies = (
				D383F4698F0D43C5846F0D52 /* PBXTargetDependency */,
				5AB26E99DA074CAE8F82DB41 /* PBXTargetDependency */,
				767710EA5689487CAF57D949 /* PBXTargetDependency */,
			);
			name = ALL_BUILD;
			productName = ALL_BUILD;
		};
		8C6F65AC943A5727604622FD /* ZERO_CHECK */ = {
			isa = PBXAggregateTarget;
			buildConfigurationList = 394C2DEC629D4C908917387B /* Build configuration list for PBXAggregateTarget "ZERO_CHECK" */;
			buildPhases = (
				FACA3E989B5DCD6FA37CEDD4 /* Generate CMakeFiles/ZERO_CHECK */,
			);
			dependencies = (
			);
			name = ZERO_CHECK;
			productName = ZERO_CHECK;
		};
/* End PBXAggregateTarget section */

/* Begin PBXBuildFile section */
		0236DF50ED6540E897A5C978 /* /Users/alexcarnes/Documents/GitHub/random-step-lab/includes/classcustvar_template.hpp */ = {isa = PBXBuildFile; fileRef = 866478F2F8BA40D980337A8E /* /Users/alexcarnes/Documents/GitHub/random-step-lab/includes/classcustvar_template.hpp */; };
		107181E839CA42F4911FB3E0 /* /Users/alexcarnes/Documents/GitHub/random-step-lab/step_lab/steplab.h */ = {isa = PBXBuildFile; fileRef = B6F46EBEB24745B39C394DE3 /* /Users/alexcarnes/Documents/GitHub/random-step-lab/step_lab/steplab.h */; };
		16EFA57E2E454BA882FB3B93 /* /Users/alexcarnes/Documents/GitHub/random-step-lab/testing/benchmark.cpp */ = {isa = PBXBuildFile; fileRef = 36215CB9E6EB466280124D65 /* /Users/alexcarnes/Documents/GitHub/random-step-lab/testing/benchmark.cpp */; };
		1F813C9594794252B9ABEE60 /* /Users/alexcarnes/Documents/GitHub/random-step-lab/CMakeLists.txt */ = {isa = PBXBuildFile; fileRef = F646C2799FBB4F37BED1CF0E /* /Users/alexcarnes/Documents/GitHub/random-step-lab/CMakeLists.txt */; };
		1FBB78E6637342D6A2813978 /* /Users/alexcarnes/Documents/GitHub/random-step-lab/includes/classcustvar_template.hpp */ = {isa = PBXBuildFile; fileRef = 01630E7FE9784AFC93EC4099 /* /Users/alexcarnes/Documents/GitHub/random-step-lab/includes/classcustvar_template.hpp */; };
		8AC2802914DD43F89FD1B46B /* /Users/alexcarnes/Documents/GitHub/random-step-lab/step_lab/steplab.h */ = {isa = PBXBuildFile; fileRef = DE719E4C448E40A79AA515C8 /* /Users/alexcarnes/Documents/GitHub/random-step-lab/step_lab/steplab.h */; };
		C7859F9FCF324679AC12886C /* /Users/alexcarnes/Documents/GitHub/random-step-lab/CMakeLists.txt */ = {isa = PBXBuildFile; fileRef = CB33FD688B8B4F16B9D9511A /* /Users/alexcarnes/Documents/GitHub/random-step-lab/CMakeLists.txt */; };
		E66D3150B3A242E39DE1BB25 /* /Users/alexcarnes/Documents/GitHub/random-step-lab/includes/singlelink.hpp */ = {isa = PBXBuildFile; fileRef = 706B73B0928D4F059D0CE720 /* /Users/alexcarnes/Documents/GitHub/random-step-lab/includes/singlelink.hpp */; };
		EEDF586C5F644AB1B7522D16 /* /Users/alexcarnes/Documents/GitHub/random-step-lab/includes/singlelink.hpp */ = {isa = PBXBuildFile; fileRef = 0638682C6A41490788353E8F /* /Users/alexcarnes/Documents/GitHub/random-step-lab/includes/singlelink.hpp */; };
		F1D9B24CB2EF4238957DD6B9 /* /Users/alexcarnes/Documents/GitHub/random-step-lab/step_lab_main/main.cpp */ = {isa = PBXBuildFile; fileRef = 479123D3E9D446378AD5AB2A /* /Users/alexcarnes/Documents/GitHub/random-step-lab/step_lab_main/main.cpp */; };
/* End PBXBuildFile section */

/* Begin PBXBuildStyle section */
		74947466B2A8478ABB15922B /* RelWithDebInfo */ = {
			isa = PBXBuildStyle;
			buildSettings = {
				COPY_PHASE_STRIP = NO;
			};
			name = RelWithDebInfo;
		};
		86D52F47DB9243FC95E08EA0 /* Debug */ = {
			isa = PBXBuildStyle;
			buildSettings = {
				COPY_PHASE_STRIP = NO;
			};
			name = Debug;
		};
		A5DC27EA6FAC43E0AD6C2759 /* MinSizeRel */ = {
			isa = PBXBuildStyle;
			buildSettings = {
				COPY_PHASE_STRIP = NO;
			};
			name = MinSizeRel;
		};
		B13CD530EC594FE9B0792476 /* Release */ = {
			isa = PBXBuildStyle;
			buildSettings = {
				COPY_PHASE_STRIP = NO;
			};
			name = Release;
		};
/* End PBXBuildStyle section */

/* Begin PBXContainerItemProxy section */
		25167B95751C499CB5DD59B2 /* PBXContainerItemProxy */ = {
			isa = PBXContainerItemProxy;
			containerPortal = 785C33129BEF49BD99101D26 /* Project object */;
			proxyType = 1;
			remoteGlobalIDString = ECD3CFB3E8715DB148756AA9;
			remoteInfo = step_lab_benchmark;
		};
		7F878401956E4F06B0087D24 /* PBXContainerItemProxy */ = {
			isa = PBXContainerItemProxy;
			containerPortal = 785C33129BEF49BD99101D26 /* Project object */;
			proxyType = 1;
			remoteGlobalIDString = 8C6F65AC943A5727604622FD;
			remoteInfo = ZERO_CHECK;
		};
		86F94D96A0E94D2784632092 /* PBXContainerItemProxy */ = {
			isa = PBXContainerItemProxy;
			containerPortal = 785C33129BEF49BD99101D26 /* Project object */;
			proxyType = 1;
			remoteGlobalIDString = 8C6F65AC943A5727604622FD;
			remoteInfo = ZERO_CHECK;
		};
		9CB9C3FB18D34E5BB8040ACE /* PBXContainerItemProxy */ = {
			isa = PBXContainerItemProxy;
			containerPortal = 785C33129BEF49BD99101D26 /* Project object */;
			proxyType = 1;
			remoteGlobalIDString = 8CFFB3529E1471FDDA304DDF;
			remoteInfo = step_lab_run;
		};
		EDE7584504084DF3BBD33509 /* PBXContainerItemProxy */ = {
			isa = PBXContainerItemProxy;
			containerPortal = 785C33129BEF49BD99101D26 /* Project object */;
			proxyType = 1;
			remoteGlobalIDString = 8C6F65AC943A5727604622FD;
			remoteInfo = ZERO_CHECK;
		};
/* End PBXContainerItemProxy section */

/* Begin PBXFileReference section */
		01630E7FE9784AFC93EC4099 /* /Users/alexcarnes/Documents/GitHub/random-step-lab/includes/classcustvar_template.hpp */ = {isa = PBXFileReference; explicitFileType = sourcecode.cpp.h; fileEncoding = 4; name = classcustvar_template.hpp; path = includes/classcustvar_template.hpp; sourceTree = SOURCE_ROOT; };
		0638682C6A41490788353E8F /* /Users/alexcarnes/Documents/GitHub/random-step-lab/includes/singlelink.hpp */ = {isa = PBXFileReference; explicitFileType = sourcecode.cpp.h; fileEncoding = 4; name = singlelink.hpp; path = includes/singlelink.hpp; sourceTree = SOURCE_ROOT; };
		263C8BA5C89E4607B31841E7 /* step_lab_benchmark */ = {isa = PBXFileReference; explicitFileType = "compiled.mach-o.executable"; path = step_lab_benchmark; sourceTree = BUILT_PRODUCTS_DIR; };
		36215CB9E6EB466280124D65 /* /Users/alexcarnes/Documents/GitHub/random-step-lab/testing/benchmark.cpp */ = {isa = PBXFileReference; explicitFileType = sourcecode.cpp.cpp; fileEncoding = 4; name = benchmark.cpp; path = testing/benchmark.cpp; sourceTree = SOURCE_ROOT; };
		479123D3E9D446378AD5AB2A /* /Users/alexcarnes/Documents/GitHub/random-step-lab/step_lab_main/main.cpp */ = {isa = PBXFileReference; explicitFileType = sourcecode.cpp.cpp; fileEncoding = 4; name = main.cpp; path = step_lab_main/main.cpp; sourceTree = SOURCE_ROOT; };
		706B73B0928D4F059D0CE720 /* /Users/alexcarnes/Documents/GitHub/random-step-lab/includes/singlelink.hpp */ = {isa = PBXFileReference; explicitFileType = sourcecode.cpp.h; fileEncoding = 4; name = singlelink.hpp; path = includes/singlelink.hpp; sourceTree = SOURCE_ROOT; };
		7D5279DBB4DB4D6F86A1C1C0 /* step_lab_run */ = {isa = PBXFileReference; explicitFileType = "compiled.mach-o.executable"; path = step_lab_run; sourceTree = BUILT_PRODUCTS_DIR; };
		866478F2F8BA40D980337A8E /* /Users/alexcarnes/Documents/GitHub/random-step-lab/includes/classcustvar_template.hpp */ = {isa = PBXFileReference; explicitFileType = sourcecode.cpp.h; fileEncoding = 4; name = classcustvar_template.hpp; path = includes/classcustvar_template.hpp; sourceTree = SOURCE_ROOT; };
		8E512AC052C94DB3AD31E22A /* /Users/alexcarnes/Documents/GitHub/random-step-lab/CMakeLists.txt */ = {isa = PBXFileReference; explicitFileType = sourcecode.text; fileEncoding = 4; name = CMakeLists.txt; path = CMakeLists.txt; sourceTree = SOURCE_ROOT; };
		B6F46EBEB24745B39C394DE3 /* /Users/alexcarnes/Documents/GitHub/random-step-lab/step_lab/steplab.h */ = {isa = PBXFileReference; explicitFileType = sourcecode.c.h; fileEncoding = 4; name = steplab.h; path = step_lab/steplab.h; sourceTree = SOURCE_ROOT; };
		CB33FD688B8B4F16B9D9511A /* /Users/alexcarnes/Documents/GitHub/random-step-lab/CMakeLists.txt */ = {isa = PBXFileReference; explicitFileType = sourcecode.text; fileEncoding = 4; name = CMakeLists.txt; path = CMakeLists.txt; sourceTree = SOURCE_ROOT; };
		DE719E4C448E40A79AA515C8 /* /Users/alexcarnes/Documents/GitHub/random-step-lab/step_lab/steplab.h */ = {isa = PBXFileReference; explicitFileType = sourcecode.c.h; fileEncoding = 4; name = steplab.h; path = step_lab/steplab.h; sourceTree = SOURCE_ROOT; };
		F646C2799FBB4F37BED1CF0E /* /Users/alexcarnes/Documents/GitHub/random-step-lab/CMakeLists.txt */ = {isa = PBXFileReference; explicitFileType = sourcecode.text; fileEncoding = 4; name = CMakeLists.txt; path = CMakeLists.txt; sourceTree = SOURCE_ROOT; };
/* End PBXFileReference section */

/* Begin PBXFrameworksBuildPhase section */
		48EC0924612C463A8735364F /* Frameworks */ = {
			isa = PBXFrameworksBuildPhase;
			buildActionMask = 2147483647;
			files = (
			);
			runOnlyForDeploymentPostprocessing = 0;
		};
		A942CA2A5CAD473BA573F587 /* Frameworks */ = {
			isa = PBXFrameworksBuildPhase;
			buildActionMask = 2147483647;
			files = (
			);
			runOnlyForDeploymentPostprocessing = 0;
		};
/* End PBXFrameworksBuildPhase section */

/* Begin PBXGroup section */
		0B842DBCD36B4341B3C16B71 /* ALL_BUILD */ = {
			isa = PBXGroup;
			children = (
				BB3F0CD4FA5C4DA1AE131825 /* CMake Rules */,
				8E512AC052C94DB3AD31E22A /* /Users/alexcarnes/Documents/GitHub/random-step-lab/CMakeLists.txt */,
			);
			name = ALL_BUILD;
			sourceTree = "<group>";
		};
		134BFE7AD66444DAA0005373 /* Frameworks */ = {
			isa = PBXGroup;
			children = (
			);
			name = Frameworks;
			sourceTree = "<group>";
		};
		15FB032D729149EEB74D4A88 /* Source Files */ = {
			isa = PBXGroup;
			children = (
				479123D3E9D446378AD5AB2A /* /Users/alexcarnes/Documents/GitHub/random-step-lab/step_lab_main/main.cpp */,
			);
			name = "Source Files";
			sourceTree = "<group>";
		};
		46D3339CAE55483498F0DC44 /* Header Files */ = {
			isa = PBXGroup;
			children = (
				01630E7FE9784AFC93EC4099 /* /Users/alexcarnes/Documents/GitHub/random-step-lab/includes/classcustvar_template.hpp */,
				0638682C6A41490788353E8F /* /Users/alexcarnes/Documents/GitHub/random-step-lab/includes/singlelink.hpp */,
				B6F46EBEB24745B39C394DE3 /* /Users/alexcarnes/Documents/GitHub/random-step-lab/step_lab/steplab.h */,
			);
			name = "Header Files";
			sourceTree = "<group>";
		};
		6F796D3A31EF4FC59EF2702D /* Products */ = {
			isa = PBXGroup;
			children = (
				263C8BA5C89E4607B31841E7 /* step_lab_benchmark */,
				7D5279DBB4DB4D6F86A1C1C0 /* step_lab_run */,
			);
			name = Products;
			sourceTree = "<group>";
		};
		778C67C94CF248EAA55B5A0D /* Header Files */ = {
			isa = PBXGroup;
			children = (
				866478F2F8BA40D980337A8E /* /Users/alexcarnes/Documents/GitHub/random-step-lab/includes/classcustvar_template.hpp */,
				706B73B0928D4F059D0CE720 /* /Users/alexcarnes/Documents/GitHub/random-step-lab/includes/singlelink.hpp */,
				DE719E4C448E40A79AA515C8 /* /Users/alexcarnes/Documents/GitHub/random-step-lab/step_lab/steplab.h */,
			);
			name = "Header Files";
			sourceTree = "<group>";
		};
		848DC4B7596B46969BB1C2E0 /* Source Files */ = {
			isa = PBXGroup;
			children = (
				36215CB9E6EB466280124D65 /* /Users/alexcarnes/Documents/GitHub/random-step-lab/testing/benchmark.cpp */,
			);
			name = "Source Files";
			sourceTree = "<group>";
		};
		BB3F0CD4FA5C4DA1AE131825 /* CMake Rules */ = {
			isa = PBXGroup;
			children = (
			);
			name = "CMake Rules";
			sourceTree = "<group>";
		};
		C010C983D73547F59E7B5FA5 /* step_lab_benchmark */ = {
			isa = PBXGroup;
			children = (
				778C67C94CF248EAA55B5A0D /* Header Files */,
				848DC4B7596B46969BB1C2E0 /* Source Files */,
				CB33FD688B8B4F16B9D9511A /* /Users/alexcarnes/Documents/GitHub/random-step-lab/CMakeLists.txt */,
			);
			name = step_lab_benchmark;
			sourceTree = "<group>";
		};
		DF630C756D99427AAA92EA81 /* Resources */ = {
			isa = PBXGroup;
			children = (
			);
			name = Resources;
			sourceTree = "<group>";
		};
		EBAB80B525B04BDF86D7E514 = {
			isa = PBXGroup;
			children = (
				F3FF7DB0F4724165BD06541C /* step_lab_run */,
				C010C983D73547F59E7B5FA5 /* step_lab_benchmark */,
				0B842DBCD36B4341B3C16B71 /* ALL_BUILD */,
				6F796D3A31EF4FC59EF2702D /* Products */,
				134BFE7AD66444DAA0005373 /* Frameworks */,
				DF630C756D99427AAA92EA81 /* Resources */,
			);
			sourceTree = "<group>";
		};
		F3FF7DB0F4724165BD06541C /* step_lab_run */ = {
			isa = PBXGroup;
			children = (
				46D3339CAE55483498F0DC44 /* Header Files */,
				15FB032D729149EEB74D4A88 /* Source Files */,
				F646C2799FBB4F37BED1CF0E /* /Users/alexcarnes/Documents/GitHub/random-step-lab/CMakeLists.txt */,
			);
			name = step_lab_run;
			sourceTree = "<group>";
		};
/* End PBXGroup section */

/* Begin PBXNativeTarget section */
		8CFFB3529E1471FDDA304DDF /* step_lab_run */ = {
			isa = PBXNativeTarget;
			buildConfigurationList = 3211853456CC4312913A5D5C /* Build configuration list for PBXNativeTarget "step_lab_run" */;
			buildPhases = (
				6DF5D544D3944E4AB016788F /* Sources */,
				48EC0924612C463A8735364F /* Frameworks */,
			);
			buildRules = (
			);
			dependencies = (
				14F2191FAC04471C93857C53 /* PBXTargetDependency */,
			);
			name = step_lab_run;
			productName = step_lab_run;
			productReference = 7D5279DBB4DB4D6F86A1C1C0 /* step_lab_run */;
			productType = "com.apple.product-type.tool";
		};
		ECD3CFB3E8715DB148756AA9 /* step_lab_benchmark */ = {
			isa = PBXNativeTarget;
			buildConfigurationList = E09D7CBAE1804537A3E77553 /* Build configuration list for PBXNativeTarget "step_lab_benchmark" */;
			buildPhases = (
				9B5ED93671E8428FB7F16F23 /* Sources */,
				A942CA2A5CAD473BA573F587 /* Frameworks */,
			);
			buildRules = (
			);
			dependencies = (
				2A923AF4739042AF84ECE315 /* PBXTargetDependency */,
			);
			name = step_lab_benchmark;
			productName = step_lab_benchmark;
			productReference = 263C8BA5C89E4607B31841E7 /* step_lab_benchmark */;
			productType = "com.apple.product-type.tool";
		};
/* End PBXNativeTarget section */

/* Begin PBXProject section */
		785C33129BEF49BD99101D26 /* Project object */ = {
			isa = PBXProject;
			attributes = {
				BuildIndependentTargetsInParallel = YES;
				LastUpgradeCheck = 1600;
			};
			buildConfigurationList = 38AA2ABBB46F4FE0A8233A27 /* Build configuration list for PBXProject "step_lab" */;
			buildSettings = {
			};
			buildStyles = (
				86D52F47DB9243FC95E08EA0 /* Debug */,
				B13CD530EC594FE9B0792476 /* Release */,
				A5DC27EA6FAC43E0AD6C2759 /* MinSizeRel */,
				74947466B2A8478ABB15922B /* RelWithDebInfo */,
			);
			compatibilityVersion = "Xcode 3.2";
			hasScannedForEncodings = 0;
			mainGroup = EBAB80B525B04BDF86D7E514;
			projectDirPath = .;
			projectRoot = "";
			targets = (
				34B0DC928C78810DFCC8C4B8 /* ALL_BUILD */,
				8C6F65AC943A5727604622FD /* ZERO_CHECK */,
				ECD3CFB3E8715DB148756AA9 /* step_lab_benchmark */,
				8CFFB3529E1471FDDA304DDF /* step_lab_run */,
			);
		};
/* End PBXProject section */

/* Begin PBXShellScriptBuildPhase section */
		3C0110FC8322DE7E50886E21 = {
			isa = PBXShellScriptBuildPhase;
			buildActionMask = 2147483647;
			files = (
			);
			inputPaths = (
			);
			outputPaths = (
			);
			runOnlyForDeploymentPostprocessing = 0;
			shellPath = /bin/sh;
			shellScript = "# shell script goes here
exit 0";
			showEnvVarsInLog = 0;
		};
		9B50530E35CC49C82C2FACCF = {
			isa = PBXShellScriptBuildPhase;
			buildActionMask = 2147483647;
			files = (
			);
			inputPaths = (
			);
			outputPaths = (
			);
			runOnlyForDeploymentPostprocessing = 0;
			shellPath = /bin/sh;
			shellScript = "# shell script goes here
exit 0";
			showEnvVarsInLog = 0;
		};
		BA59B84501F2E0764EF8B6BB /* Generate CMakeFiles/ALL_BUILD */ = {
			isa = PBXShellScriptBuildPhase;
			alwaysOutOfDate = 1;
			buildActionMask = 2147483647;
			files = (
			);
			inputPaths = (
			);
			name = "Generate CMakeFiles/ALL_BUILD";
			outputPaths = (
"/Users/alexcarnes/Documents/GitHub/random-step-lab/CMakeFiles/ALL_BUILD"			);
			runOnlyForDeploymentPostprocessing = 0;
			shellPath = /bin/sh;
			shellScript = "set -e
if test \"$CONFIGURATION\" = \"Debug\"; then :
  cd /Users/alexcarnes/Documents/GitHub/random-step-lab
  echo Build\\ all\\ projects
fi
if test \"$CONFIGURATION\" = \"Release\"; then :
  cd /Users/alexcarnes/Documents/GitHub/random-step-lab
  echo Build\\ all\\ projects
fi
if test \"$CONFIGURATION\" = \"MinSizeRel\"; then :
  cd /Users/alexcarnes/Documents/GitHub/random-step-lab
  echo Build\\ all\\ projects
fi
if test \"$CONFIGURATION\" = \"RelWithDebInfo\"; then :
  cd /Users/alexcarnes/Documents/GitHub/random-step-lab
  echo Build\\ all\\ projects
fi
";
			showEnvVarsInLog = 0;
		};
		FACA3E989B5DCD6FA37CEDD4 /* Generate CMakeFiles/ZERO_CHECK */ = {
			isa = PBXShellScriptBuildPhase;
			alwaysOutOfDate = 1;
			buildActionMask = 2147483647;
			files = (
			);
			inputPaths = (
			);
			name = "Generate CMakeFiles/ZERO_CHECK";
			outputPaths = (
"/Users/alexcarnes/Documents/GitHub/random-step-lab/CMakeFiles/ZERO_CHECK"			);
			runOnlyForDeploymentPostprocessing = 0;
			shellPath = /bin/sh;
			shellScript = "set -e
if test \"$CONFIGURATION\" = \"Debug\"; then :
  cd /Users/alexcarnes/Documents/GitHub/random-step-lab
  make -f /Users/alexcarnes/Documents/GitHub/random-step-lab/CMakeScripts/ReRunCMake.make
fi
if test \"$CONFIGURATION\" = \"Release\"; then :
  cd /Users/alexcarnes/Documents/GitHub/random-step-lab
  make -f /Users/alexcarnes/Documents/GitHub/random-step-lab/CMakeScripts/ReRunCMake.make
fi
if test \"$CONFIGURATION\" = \"MinSizeRel\"; then :
  cd /Users/alexcarnes/Documents/GitHub/random-step-lab
  make -f /Users/alexcarnes/Documents/GitHub/random-step-lab/CMakeScripts/ReRunCMake.make
fi
if test \"$CONFIGURATION\" = \"RelWithDebInfo\"; then :
  cd /Users/alexcarnes/Documents/GitHub/random-step-lab
  make -f /Users/alexcarnes/Documents/GitHub/random-step-lab/CMakeScripts/ReRunCMake.make
fi
";
			showEnvVarsInLog = 0;
		};
/* End PBXShellScriptBuildPhase section */

/* Begin PBXSourcesBuildPhase section */
		6DF5D544D3944E4AB016788F /* Sources */ = {
			isa = PBXSourcesBuildPhase;
			buildActionMask = 2147483647;
			files = (
				F1D9B24CB2EF4238957DD6B9 /* /Users/alexcarnes/Documents/GitHub/random-step-lab/step_lab_main/main.cpp */,
			);
			runOnlyForDeploymentPostprocessing = 0;
		};
		9B5ED93671E8428FB7F16F23 /* Sources */ = {
			isa = PBXSourcesBuildPhase;
			buildActionMask = 2147483647;
			files = (
				16EFA57E2E454BA882FB3B93 /* /Users/alexcarnes/Documents/GitHub/random-step-lab/testing/benchmark.cpp */,
			);
			runOnlyForDeploymentPostprocessing = 0;
		};
/* End PBXSourcesBuildPhase section */

/* Begin PBXTargetDependency section */
		14F2191FAC04471C93857C53 /* PBXTargetDependency */ = {
			isa = PBXTargetDependency;
			target = 8C6F65AC943A5727604622FD /* ZERO_CHECK */;
			targetProxy = EDE7584504084DF3BBD33509 /* PBXContainerItemProxy */;
		};
		2A923AF4739042AF84ECE315 /* PBXTargetDependency */ = {
			isa = PBXTargetDependency;
			target = 8C6F65AC943A5727604622FD /* ZERO_CHECK */;
			targetProxy = 86F94D96A0E94D2784632092 /* PBXContainerItemProxy */;
		};
		5AB26E99DA074CAE8F82DB41 /* PBXTargetDependency */ = {
			isa = PBXTargetDependency;
			target = 8C6F65AC943A5727604622FD /* ZERO_CHECK */;
			targetProxy = 7F878401956E4F06B0087D24 /* PBXContainerItemProxy */;
		};
		767710EA5689487CAF57D949 /* PBXTargetDependency */ = {
			isa = PBXTargetDependency;
			target = ECD3CFB3E8715DB148756AA9 /* step_lab_benchmark */;
			targetProxy = 25167B95751C499CB5DD59B2 /* PBXContainerItemProxy */;
		};
		D383F4698F0D43C5846F0D52 /* PBXTargetDependency */ = {
			isa = PBXTargetDependency;
			target = 8CFFB3529E1471FDDA304DDF /* step_lab_run */;
			targetProxy = 9CB9C3FB18D34E5BB8040ACE /* PBXContainerItemProxy */;
		};
/* End PBXTargetDependency section */

/* Begin XCBuildConfiguration section */
		022E7DCE87C74016B15058FF /* Release */ = {
			isa = XCBuildConfiguration;
			buildSettings = {
				ALWAYS_SEARCH_USER_PATHS = NO;
				COMBINE_HIDPI_IMAGES = YES;
				GCC_GENERATE_DEBUGGING_SYMBOLS = YES;
				GCC_INLINES_ARE_PRIVATE_EXTERN = NO;
				GCC_OPTIMIZATION_LEVEL = 0;
				GCC_PREPROCESSOR_DEFINITIONS = ("'CMAKE_INTDIR=\"$(CONFIGURATION)$(EFFECTIVE_PLATFORM_NAME)\"'","$(inherited)");
				GCC_SYMBOLS_PRIVATE_EXTERN = NO;
				INSTALL_PATH = "";
				OTHER_LDFLAGS = ("","$(inherited)");
				OTHER_REZFLAGS = "";
				PRODUCT_NAME = ALL_BUILD;
				SECTORDER_FLAGS = "";
				USE_HEADERMAP = NO;
				WARNING_CFLAGS = ("$(inherited)");
			};
			name = Release;
		};
		1175D3FACED1417BA8732AB7 /* RelWithDebInfo */ = {
			isa = XCBuildConfiguration;
			buildSettings = {
				ALWAYS_SEARCH_USER_PATHS = NO;
				COMBINE_HIDPI_IMAGES = YES;
				CONFIGURATION_BUILD_DIR = "/Users/alexcarnes/Documents/GitHub/random-step-lab/RelWithDebInfo";
				EXECUTABLE_PREFIX = "";
				EXECUTABLE_SUFFIX = "";
				GCC_GENERATE_DEBUGGING_SYMBOLS = YES;
				GCC_INLINES_ARE_PRIVATE_EXTERN = NO;
				GCC_OPTIMIZATION_LEVEL = 2;
				GCC_PREPROCESSOR_DEFINITIONS = ("'CMAKE_INTDIR=\"$(CONFIGURATION)$(EFFECTIVE_PLATFORM_NAME)\"'","$(inherited)");
				GCC_SYMBOLS_PRIVATE_EXTERN = NO;
				HEADER_SEARCH_PATHS = (/users/alexcarnes/benchmark/include,"/Users/alexcarnes/Documents/GitHub/random-step-lab/includes","/Users/alexcarnes/Documents/GitHub/random-step-lab/step_lab","/Users/alexcarnes/Documents/GitHub/random-step-lab/step_lab_main","/Users/alexcarnes/Documents/GitHub/random-step-lab/testing",/users/alexcarnes/benchmark,"$(inherited)");
				INSTALL_PATH = "";
				OTHER_CPLUSPLUSFLAGS = "       -DNDEBUG '-std=gnu++11' ";
				OTHER_LDFLAGS = (" -Wl,-search_paths_first -Wl,-headerpad_max_install_names",/users/alexcarnes/benchmark/build_static/src/libbenchmark_main.a,"$(inherited)");
				OTHER_REZFLAGS = "";
				PRODUCT_NAME = step_lab_benchmark;
				SECTORDER_FLAGS = "";
				TARGET_TEMP_DIR = "/Users/alexcarnes/Documents/GitHub/random-step-lab/build/step_lab_benchmark.build/$(CONFIGURATION)$(EFFECTIVE_PLATFORM_NAME)";
				USE_HEADERMAP = NO;
				WARNING_CFLAGS = ("$(inherited)");
			};
			name = RelWithDebInfo;
		};
		14848C3C66B54141B561A4E1 /* Debug */ = {
			isa = XCBuildConfiguration;
			buildSettings = {
				ALWAYS_SEARCH_USER_PATHS = NO;
				COMBINE_HIDPI_IMAGES = YES;
				GCC_GENERATE_DEBUGGING_SYMBOLS = YES;
				GCC_INLINES_ARE_PRIVATE_EXTERN = NO;
				GCC_OPTIMIZATION_LEVEL = 0;
				GCC_PREPROCESSOR_DEFINITIONS = ("'CMAKE_INTDIR=\"$(CONFIGURATION)$(EFFECTIVE_PLATFORM_NAME)\"'","$(inherited)");
				GCC_SYMBOLS_PRIVATE_EXTERN = NO;
				INSTALL_PATH = "";
				OTHER_LDFLAGS = ("","$(inherited)");
				OTHER_REZFLAGS = "";
				PRODUCT_NAME = ZERO_CHECK;
				SECTORDER_FLAGS = "";
				USE_HEADERMAP = NO;
				WARNING_CFLAGS = ("$(inherited)");
			};
			name = Debug;
		};
		1CDFC7D7A3AB465398C893D0 /* RelWithDebInfo */ = {
			isa = XCBuildConfiguration;
			buildSettings = {
				ALWAYS_SEARCH_USER_PATHS = NO;
				COMBINE_HIDPI_IMAGES = YES;
				GCC_GENERATE_DEBUGGING_SYMBOLS = YES;
				GCC_INLINES_ARE_PRIVATE_EXTERN = NO;
				GCC_OPTIMIZATION_LEVEL = 0;
				GCC_PREPROCESSOR_DEFINITIONS = ("'CMAKE_INTDIR=\"$(CONFIGURATION)$(EFFECTIVE_PLATFORM_NAME)\"'","$(inherited)");
				GCC_SYMBOLS_PRIVATE_EXTERN = NO;
				INSTALL_PATH = "";
				OTHER_LDFLAGS = ("","$(inherited)");
				OTHER_REZFLAGS = "";
				PRODUCT_NAME = ALL_BUILD;
				SECTORDER_FLAGS = "";
				USE_HEADERMAP = NO;
				WARNING_CFLAGS = ("$(inherited)");
			};
			name = RelWithDebInfo;
		};
		1F7D3BE22FB04ACB86E2040C /* RelWithDebInfo */ = {
			isa = XCBuildConfiguration;
			buildSettings = {
				ALWAYS_SEARCH_USER_PATHS = NO;
				COMBINE_HIDPI_IMAGES = YES;
				CONFIGURATION_BUILD_DIR = "/Users/alexcarnes/Documents/GitHub/random-step-lab/RelWithDebInfo";
				EXECUTABLE_PREFIX = "";
				EXECUTABLE_SUFFIX = "";
				GCC_GENERATE_DEBUGGING_SYMBOLS = YES;
				GCC_INLINES_ARE_PRIVATE_EXTERN = NO;
				GCC_OPTIMIZATION_LEVEL = 2;
				GCC_PREPROCESSOR_DEFINITIONS = ("'CMAKE_INTDIR=\"$(CONFIGURATION)$(EFFECTIVE_PLATFORM_NAME)\"'","$(inherited)");
				GCC_SYMBOLS_PRIVATE_EXTERN = NO;
				HEADER_SEARCH_PATHS = (/users/alexcarnes/benchmark/include,"/Users/alexcarnes/Documents/GitHub/random-step-lab/includes","/Users/alexcarnes/Documents/GitHub/random-step-lab/step_lab","/Users/alexcarnes/Documents/GitHub/random-step-lab/step_lab_main","/Users/alexcarnes/Documents/GitHub/random-step-lab/testing",/users/alexcarnes/benchmark,"$(inherited)");
				INSTALL_PATH = "";
				OTHER_CPLUSPLUSFLAGS = "       -DNDEBUG '-std=gnu++11' ";
				OTHER_LDFLAGS = (" -Wl,-search_paths_first -Wl,-headerpad_max_install_names","$(inherited)");
				OTHER_REZFLAGS = "";
				PRODUCT_NAME = step_lab_run;
				SECTORDER_FLAGS = "";
				TARGET_TEMP_DIR = "/Users/alexcarnes/Documents/GitHub/random-step-lab/build/step_lab_run.build/$(CONFIGURATION)$(EFFECTIVE_PLATFORM_NAME)";
				USE_HEADERMAP = NO;
				WARNING_CFLAGS = ("$(inherited)");
			};
			name = RelWithDebInfo;
		};
		220DCE0606AE4544BDD7D6A3 /* MinSizeRel */ = {
			isa = XCBuildConfiguration;
			buildSettings = {
				ALWAYS_SEARCH_USER_PATHS = NO;
				COMBINE_HIDPI_IMAGES = YES;
				GCC_GENERATE_DEBUGGING_SYMBOLS = YES;
				GCC_INLINES_ARE_PRIVATE_EXTERN = NO;
				GCC_OPTIMIZATION_LEVEL = 0;
				GCC_PREPROCESSOR_DEFINITIONS = ("'CMAKE_INTDIR=\"$(CONFIGURATION)$(EFFECTIVE_PLATFORM_NAME)\"'","$(inherited)");
				GCC_SYMBOLS_PRIVATE_EXTERN = NO;
				INSTALL_PATH = "";
				OTHER_LDFLAGS = ("","$(inherited)");
				OTHER_REZFLAGS = "";
				PRODUCT_NAME = ALL_BUILD;
				SECTORDER_FLAGS = "";
				USE_HEADERMAP = NO;
				WARNING_CFLAGS = ("$(inherited)");
			};
			name = MinSizeRel;
		};
		298B4A22FB1B47B882593DBB /* Release */ = {
			isa = XCBuildConfiguration;
			buildSettings = {
				ALWAYS_SEARCH_USER_PATHS = NO;
				COMBINE_HIDPI_IMAGES = YES;
				CONFIGURATION_BUILD_DIR = "/Users/alexcarnes/Documents/GitHub/random-step-lab/Release";
				EXECUTABLE_PREFIX = "";
				EXECUTABLE_SUFFIX = "";
				GCC_GENERATE_DEBUGGING_SYMBOLS = NO;
				GCC_INLINES_ARE_PRIVATE_EXTERN = NO;
				GCC_OPTIMIZATION_LEVEL = 3;
				GCC_PREPROCESSOR_DEFINITIONS = ("'CMAKE_INTDIR=\"$(CONFIGURATION)$(EFFECTIVE_PLATFORM_NAME)\"'","$(inherited)");
				GCC_SYMBOLS_PRIVATE_EXTERN = NO;
				HEADER_SEARCH_PATHS = (/users/alexcarnes/benchmark/include,"/Users/alexcarnes/Documents/GitHub/random-step-lab/includes","/Users/alexcarnes/Documents/GitHub/random-step-lab/step_lab","/Users/alexcarnes/Documents/GitHub/random-step-lab/step_lab_main","/Users/alexcarnes/Documents/GitHub/random-step-lab/testing",/users/alexcarnes/benchmark,"$(inherited)");
				INSTALL_PATH = "";
				OTHER_CPLUSPLUSFLAGS = "    -DNDEBUG '-std=gnu++11' ";
				OTHER_LDFLAGS = (" -Wl,-search_paths_first -Wl,-headerpad_max_install_names",/users/alexcarnes/benchmark/build_static/src/libbenchmark_main.a,"$(inherited)");
				OTHER_REZFLAGS = "";
				PRODUCT_NAME = step_lab_benchmark;
				SECTORDER_FLAGS = "";
				TARGET_TEMP_DIR = "/Users/alexcarnes/Documents/GitHub/random-step-lab/build/step_lab_benchmark.build/$(CONFIGURATION)$(EFFECTIVE_PLATFORM_NAME)";
				USE_HEADERMAP = NO;
				WARNING_CFLAGS = ("$(inherited)");
			};
			name = Release;
		};
		30B60AEDE09D4C9EBBD1CA6A /* MinSizeRel */ = {
			isa = XCBuildConfiguration;
			buildSettings = {
				ALWAYS_SEARCH_USER_PATHS = NO;
				COMBINE_HIDPI_IMAGES = YES;
				GCC_GENERATE_DEBUGGING_SYMBOLS = YES;
				GCC_INLINES_ARE_PRIVATE_EXTERN = NO;
				GCC_OPTIMIZATION_LEVEL = 0;
				GCC_PREPROCESSOR_DEFINITIONS = ("'CMAKE_INTDIR=\"$(CONFIGURATION)$(EFFECTIVE_PLATFORM_NAME)\"'","$(inherited)");
				GCC_SYMBOLS_PRIVATE_EXTERN = NO;
				INSTALL_PATH = "";
				OTHER_LDFLAGS = ("","$(inherited)");
				OTHER_REZFLAGS = "";
				PRODUCT_NAME = ZERO_CHECK;
				SECTORDER_FLAGS = "";
				USE_HEADERMAP = NO;
				WARNING_CFLAGS = ("$(inherited)");
			};
			name = MinSizeRel;
		};
		34870626790142C3A47D1C8A /* Debug */ = {
			isa = XCBuildConfiguration;
			buildSettings = {
				ALWAYS_SEARCH_USER_PATHS = NO;
				COMBINE_HIDPI_IMAGES = YES;
				GCC_GENERATE_DEBUGGING_SYMBOLS = YES;
				GCC_INLINES_ARE_PRIVATE_EXTERN = NO;
				GCC_OPTIMIZATION_LEVEL = 0;
				GCC_PREPROCESSOR_DEFINITIONS = ("'CMAKE_INTDIR=\"$(CONFIGURATION)$(EFFECTIVE_PLATFORM_NAME)\"'","$(inherited)");
				GCC_SYMBOLS_PRIVATE_EXTERN = NO;
				INSTALL_PATH = "";
				OTHER_LDFLAGS = ("","$(inherited)");
				OTHER_REZFLAGS = "";
				PRODUCT_NAME = ALL_BUILD;
				SECTORDER_FLAGS = "";
				USE_HEADERMAP = NO;
				WARNING_CFLAGS = ("$(inherited)");
			};
			name = Debug;
		};
		39664A79EC714AFBA16376FD /* Release */ = {
			isa = XCBuildConfiguration;
			buildSettings = {
				ARCHS = "$(NATIVE_ARCH_ACTUAL)";
				ONLY_ACTIVE_ARCH = YES;
				SDKROOT = /Applications/Xcode.app/Contents/Developer/Platforms/MacOSX.platform/Developer/SDKs/MacOSX15.0.sdk;
				SWIFT_COMPILATION_MODE = wholemodule;
				SYMROOT = "/Users/alexcarnes/Documents/GitHub/random-step-lab/build";
			};
			name = Release;
		};
		7E6EEEAE005C41F19ACE97AC /* MinSizeRel */ = {
			isa = XCBuildConfiguration;
			buildSettings = {
				ALWAYS_SEARCH_USER_PATHS = NO;
				COMBINE_HIDPI_IMAGES = YES;
				CONFIGURATION_BUILD_DIR = "/Users/alexcarnes/Documents/GitHub/random-step-lab/MinSizeRel";
				EXECUTABLE_PREFIX = "";
				EXECUTABLE_SUFFIX = "";
				GCC_GENERATE_DEBUGGING_SYMBOLS = NO;
				GCC_INLINES_ARE_PRIVATE_EXTERN = NO;
				GCC_OPTIMIZATION_LEVEL = s;
				GCC_PREPROCESSOR_DEFINITIONS = ("'CMAKE_INTDIR=\"$(CONFIGURATION)$(EFFECTIVE_PLATFORM_NAME)\"'","$(inherited)");
				GCC_SYMBOLS_PRIVATE_EXTERN = NO;
				HEADER_SEARCH_PATHS = (/users/alexcarnes/benchmark/include,"/Users/alexcarnes/Documents/GitHub/random-step-lab/includes","/Users/alexcarnes/Documents/GitHub/random-step-lab/step_lab","/Users/alexcarnes/Documents/GitHub/random-step-lab/step_lab_main","/Users/alexcarnes/Documents/GitHub/random-step-lab/testing",/users/alexcarnes/benchmark,"$(inherited)");
				INSTALL_PATH = "";
				OTHER_CPLUSPLUSFLAGS = "    -DNDEBUG '-std=gnu++11' ";
				OTHER_LDFLAGS = (" -Wl,-search_paths_first -Wl,-headerpad_max_install_names",/users/alexcarnes/benchmark/build_static/src/libbenchmark_main.a,"$(inherited)");
				OTHER_REZFLAGS = "";
				PRODUCT_NAME = step_lab_benchmark;
				SECTORDER_FLAGS = "";
				TARGET_TEMP_DIR = "/Users/alexcarnes/Documents/GitHub/random-step-lab/build/step_lab_benchmark.build/$(CONFIGURATION)$(EFFECTIVE_PLATFORM_NAME)";
				USE_HEADERMAP = NO;
				WARNING_CFLAGS = ("$(inherited)");
			};
			name = MinSizeRel;
		};
		8E063F2FF38B402499A0C725 /* Debug */ = {
			isa = XCBuildConfiguration;
			buildSettings = {
				ARCHS = "$(NATIVE_ARCH_ACTUAL)";
				ONLY_ACTIVE_ARCH = YES;
				SDKROOT = /Applications/Xcode.app/Contents/Developer/Platforms/MacOSX.platform/Developer/SDKs/MacOSX15.0.sdk;
				SYMROOT = "/Users/alexcarnes/Documents/GitHub/random-step-lab/build";
			};
			name = Debug;
		};
		A29064C31A794E8DA31C6C7A /* Release */ = {
			isa = XCBuildConfiguration;
			buildSettings = {
				ALWAYS_SEARCH_USER_PATHS = NO;
				COMBINE_HIDPI_IMAGES = YES;
				CONFIGURATION_BUILD_DIR = "/Users/alexcarnes/Documents/GitHub/random-step-lab/Release";
				EXECUTABLE_PREFIX = "";
				EXECUTABLE_SUFFIX = "";
				GCC_GENERATE_DEBUGGING_SYMBOLS = NO;
				GCC_INLINES_ARE_PRIVATE_EXTERN = NO;
				GCC_OPTIMIZATION_LEVEL = 3;
				GCC_PREPROCESSOR_DEFINITIONS = ("'CMAKE_INTDIR=\"$(CONFIGURATION)$(EFFECTIVE_PLATFORM_NAME)\"'","$(inherited)");
				GCC_SYMBOLS_PRIVATE_EXTERN = NO;
				HEADER_SEARCH_PATHS = (/users/alexcarnes/benchmark/include,"/Users/alexcarnes/Documents/GitHub/random-step-lab/includes","/Users/alexcarnes/Documents/GitHub/random-step-lab/step_lab","/Users/alexcarnes/Documents/GitHub/random-step-lab/step_lab_main","/Users/alexcarnes/Documents/GitHub/random-step-lab/testing",/users/alexcarnes/benchmark,"$(inherited)");
				INSTALL_PATH = "";
				OTHER_CPLUSPLUSFLAGS = "    -DNDEBUG '-std=gnu++11' ";
				OTHER_LDFLAGS = (" -Wl,-search_paths_first -Wl,-headerpad_max_install_names","$(inherited)");
				OTHER_REZFLAGS = "";
				PRODUCT_NAME = step_lab_run;
				SECTORDER_FLAGS = "";
				TARGET_TEMP_DIR = "/Users/alexcarnes/Documents/GitHub/random-step-lab/build/step_lab_run.build/$(CONFIGURATION)$(EFFECTIVE_PLATFORM_NAME)";
				USE_HEADERMAP = NO;
				WARNING_CFLAGS = ("$(inherited)");
			};
			name = Release;
		};
		DAED1EA9689B410589908EA4 /* MinSizeRel */ = {
			isa = XCBuildConfiguration;
			buildSettings = {
				ARCHS = "$(NATIVE_ARCH_ACTUAL)";
				ONLY_ACTIVE_ARCH = YES;
				SDKROOT = /Applications/Xcode.app/Contents/Developer/Platforms/MacOSX.platform/Developer/SDKs/MacOSX15.0.sdk;
				SWIFT_COMPILATION_MODE = wholemodule;
				SYMROOT = "/Users/alexcarnes/Documents/GitHub/random-step-lab/build";
			};
			name = MinSizeRel;
		};
		DB199FF6D8C6490EA0B3D8F0 /* Release */ = {
			isa = XCBuildConfiguration;
			buildSettings = {
				ALWAYS_SEARCH_USER_PATHS = NO;
				COMBINE_HIDPI_IMAGES = YES;
				GCC_GENERATE_DEBUGGING_SYMBOLS = YES;
				GCC_INLINES_ARE_PRIVATE_EXTERN = NO;
				GCC_OPTIMIZATION_LEVEL = 0;
				GCC_PREPROCESSOR_DEFINITIONS = ("'CMAKE_INTDIR=\"$(CONFIGURATION)$(EFFECTIVE_PLATFORM_NAME)\"'","$(inherited)");
				GCC_SYMBOLS_PRIVATE_EXTERN = NO;
				INSTALL_PATH = "";
				OTHER_LDFLAGS = ("","$(inherited)");
				OTHER_REZFLAGS = "";
				PRODUCT_NAME = ZERO_CHECK;
				SECTORDER_FLAGS = "";
				USE_HEADERMAP = NO;
				WARNING_CFLAGS = ("$(inherited)");
			};
			name = Release;
		};
		E1C406B191984427819BED93 /* RelWithDebInfo */ = {
			isa = XCBuildConfiguration;
			buildSettings = {
				ALWAYS_SEARCH_USER_PATHS = NO;
				COMBINE_HIDPI_IMAGES = YES;
				GCC_GENERATE_DEBUGGING_SYMBOLS = YES;
				GCC_INLINES_ARE_PRIVATE_EXTERN = NO;
				GCC_OPTIMIZATION_LEVEL = 0;
				GCC_PREPROCESSOR_DEFINITIONS = ("'CMAKE_INTDIR=\"$(CONFIGURATION)$(EFFECTIVE_PLATFORM_NAME)\"'","$(inherited)");
				GCC_SYMBOLS_PRIVATE_EXTERN = NO;
				INSTALL_PATH = "";
				OTHER_LDFLAGS = ("","$(inherited)");
				OTHER_REZFLAGS = "";
				PRODUCT_NAME = ZERO_CHECK;
				SECTORDER_FLAGS = "";
				USE_HEADERMAP = NO;
				WARNING_CFLAGS = ("$(inherited)");
			};
			name = RelWithDebInfo;
		};
		E5864A708F60462EBE1460D5 /* RelWithDebInfo */ = {
			isa = XCBuildConfiguration;
			buildSettings = {
				ARCHS = "$(NATIVE_ARCH_ACTUAL)";
				ONLY_ACTIVE_ARCH = YES;
				SDKROOT = /Applications/Xcode.app/Contents/Developer/Platforms/MacOSX.platform/Developer/SDKs/MacOSX15.0.sdk;
				SWIFT_COMPILATION_MODE = wholemodule;
				SYMROOT = "/Users/alexcarnes/Documents/GitHub/random-step-lab/build";
			};
			name = RelWithDebInfo;
		};
		F02CC8BFE6EC42F19C9A56A9 /* MinSizeRel */ = {
			isa = XCBuildConfiguration;
			buildSettings = {
				ALWAYS_SEARCH_USER_PATHS = NO;
				COMBINE_HIDPI_IMAGES = YES;
				CONFIGURATION_BUILD_DIR = "/Users/alexcarnes/Documents/GitHub/random-step-lab/MinSizeRel";
				EXECUTABLE_PREFIX = "";
				EXECUTABLE_SUFFIX = "";
				GCC_GENERATE_DEBUGGING_SYMBOLS = NO;
				GCC_INLINES_ARE_PRIVATE_EXTERN = NO;
				GCC_OPTIMIZATION_LEVEL = s;
				GCC_PREPROCESSOR_DEFINITIONS = ("'CMAKE_INTDIR=\"$(CONFIGURATION)$(EFFECTIVE_PLATFORM_NAME)\"'","$(inherited)");
				GCC_SYMBOLS_PRIVATE_EXTERN = NO;
				HEADER_SEARCH_PATHS = (/users/alexcarnes/benchmark/include,"/Users/alexcarnes/Documents/GitHub/random-step-lab/includes","/Users/alexcarnes/Documents/GitHub/random-step-lab/step_lab","/Users/alexcarnes/Documents/GitHub/random-step-lab/step_lab_main","/Users/alexcarnes/Documents/GitHub/random-step-lab/testing",/users/alexcarnes/benchmark,"$(inherited)");
				INSTALL_PATH = "";
				OTHER_CPLUSPLUSFLAGS = "    -DNDEBUG '-std=gnu++11' ";
				OTHER_LDFLAGS = (" -Wl,-search_paths_first -Wl,-headerpad_max_install_names","$(inherited)");
				OTHER_REZFLAGS = "";
				PRODUCT_NAME = step_lab_run;
				SECTORDER_FLAGS = "";
				TARGET_TEMP_DIR = "/Users/alexcarnes/Documents/GitHub/random-step-lab/build/step_lab_run.build/$(CONFIGURATION)$(EFFECTIVE_PLATFORM_NAME)";
				USE_HEADERMAP = NO;
				WARNING_CFLAGS = ("$(inherited)");
			};
			name = MinSizeRel;
		};
		F1EC38CBBA5941C684EB28EE /* Debug */ = {
			isa = XCBuildConfiguration;
			buildSettings = {
				ALWAYS_SEARCH_USER_PATHS = NO;
				COMBINE_HIDPI_IMAGES = YES;
				CONFIGURATION_BUILD_DIR = "/Users/alexcarnes/Documents/GitHub/random-step-lab/Debug";
				EXECUTABLE_PREFIX = "";
				EXECUTABLE_SUFFIX = "";
				GCC_GENERATE_DEBUGGING_SYMBOLS = YES;
				GCC_INLINES_ARE_PRIVATE_EXTERN = NO;
				GCC_OPTIMIZATION_LEVEL = 0;
				GCC_PREPROCESSOR_DEFINITIONS = ("'CMAKE_INTDIR=\"$(CONFIGURATION)$(EFFECTIVE_PLATFORM_NAME)\"'","$(inherited)");
				GCC_SYMBOLS_PRIVATE_EXTERN = NO;
				HEADER_SEARCH_PATHS = (/users/alexcarnes/benchmark/include,"/Users/alexcarnes/Documents/GitHub/random-step-lab/includes","/Users/alexcarnes/Documents/GitHub/random-step-lab/step_lab","/Users/alexcarnes/Documents/GitHub/random-step-lab/step_lab_main","/Users/alexcarnes/Documents/GitHub/random-step-lab/testing",/users/alexcarnes/benchmark,"$(inherited)");
				INSTALL_PATH = "";
				OTHER_CPLUSPLUSFLAGS = "   '-std=gnu++11' ";
				OTHER_LDFLAGS = (" -Wl,-search_paths_first -Wl,-headerpad_max_install_names","$(inherited)");
				OTHER_REZFLAGS = "";
				PRODUCT_NAME = step_lab_run;
				SECTORDER_FLAGS = "";
				TARGET_TEMP_DIR = "/Users/alexcarnes/Documents/GitHub/random-step-lab/build/step_lab_run.build/$(CONFIGURATION)$(EFFECTIVE_PLATFORM_NAME)";
				USE_HEADERMAP = NO;
				WARNING_CFLAGS = ("$(inherited)");
			};
			name = Debug;
		};
		F41B9B47BECE4279AFCD2367 /* Debug */ = {
			isa = XCBuildConfiguration;
			buildSettings = {
				ALWAYS_SEARCH_USER_PATHS = NO;
				COMBINE_HIDPI_IMAGES = YES;
				CONFIGURATION_BUILD_DIR = "/Users/alexcarnes/Documents/GitHub/random-step-lab/Debug";
				EXECUTABLE_PREFIX = "";
				EXECUTABLE_SUFFIX = "";
				GCC_GENERATE_DEBUGGING_SYMBOLS = YES;
				GCC_INLINES_ARE_PRIVATE_EXTERN = NO;
				GCC_OPTIMIZATION_LEVEL = 0;
				GCC_PREPROCESSOR_DEFINITIONS = ("'CMAKE_INTDIR=\"$(CONFIGURATION)$(EFFECTIVE_PLATFORM_NAME)\"'","$(inherited)");
				GCC_SYMBOLS_PRIVATE_EXTERN = NO;
				HEADER_SEARCH_PATHS = (/users/alexcarnes/benchmark/include,"/Users/alexcarnes/Documents/GitHub/random-step-lab/includes","/Users/alexcarnes/Documents/GitHub/random-step-lab/step_lab","/Users/alexcarnes/Documents/GitHub/random-step-lab/step_lab_main","/Users/alexcarnes/Documents/GitHub/random-step-lab/testing",/users/alexcarnes/benchmark,"$(inherited)");
				INSTALL_PATH = "";
				OTHER_CPLUSPLUSFLAGS = "   '-std=gnu++11' ";
				OTHER_LDFLAGS = (" -Wl,-search_paths_first -Wl,-headerpad_max_install_names",/users/alexcarnes/benchmark/build_static/src/libbenchmark_main.a,"$(inherited)");
				OTHER_REZFLAGS = "";
				PRODUCT_NAME = step_lab_benchmark;
				SECTORDER_FLAGS = "";
				TARGET_TEMP_DIR = "/Users/alexcarnes/Documents/GitHub/random-step-lab/build/step_lab_benchmark.build/$(CONFIGURATION)$(EFFECTIVE_PLATFORM_NAME)";
				USE_HEADERMAP = NO;
				WARNING_CFLAGS = ("$(inherited)");
			};
			name = Debug;
		};
/* End XCBuildConfiguration section */

/* Begin XCConfigurationList section */
		3211853456CC4312913A5D5C /* Build configuration list for PBXNativeTarget "step_lab_run" */ = {
			isa = XCConfigurationList;
			buildConfigurations = (
				F1EC38CBBA5941C684EB28EE /* Debug */,
				A29064C31A794E8DA31C6C7A /* Release */,
				F02CC8BFE6EC42F19C9A56A9 /* MinSizeRel */,
				1F7D3BE22FB04ACB86E2040C /* RelWithDebInfo */,
			);
			defaultConfigurationIsVisible = 0;
			defaultConfigurationName = Debug;
		};
		38AA2ABBB46F4FE0A8233A27 /* Build configuration list for PBXProject "step_lab" */ = {
			isa = XCConfigurationList;
			buildConfigurations = (
				8E063F2FF38B402499A0C725 /* Debug */,
				39664A79EC714AFBA16376FD /* Release */,
				DAED1EA9689B410589908EA4 /* MinSizeRel */,
				E5864A708F60462EBE1460D5 /* RelWithDebInfo */,
			);
			defaultConfigurationIsVisible = 0;
			defaultConfigurationName = Debug;
		};
		394C2DEC629D4C908917387B /* Build configuration list for PBXAggregateTarget "ZERO_CHECK" */ = {
			isa = XCConfigurationList;
			buildConfigurations = (
				14848C3C66B54141B561A4E1 /* Debug */,
				DB199FF6D8C6490EA0B3D8F0 /* Release */,
				30B60AEDE09D4C9EBBD1CA6A /* MinSizeRel */,
				E1C406B191984427819BED93 /* RelWithDebInfo */,
			);
			defaultConfigurationIsVisible = 0;
			defaultConfigurationName = Debug;
		};
		6098E4BC3DEA47E1BE1DA02D /* Build configuration list for PBXAggregateTarget "ALL_BUILD" */ = {
			isa = XCConfigurationList;
			buildConfigurations = (
				34870626790142C3A47D1C8A /* Debug */,
				022E7DCE87C74016B15058FF /* Release */,
				220DCE0606AE4544BDD7D6A3 /* MinSizeRel */,
				1CDFC7D7A3AB465398C893D0 /* RelWithDebInfo */,
			);
			defaultConfigurationIsVisible = 0;
			defaultConfigurationName = Debug;
		};
		E09D7CBAE1804537A3E77553 /* Build configuration list for PBXNativeTarget "step_lab_benchmark" */ = {
			isa = XCConfigurationList;
			buildConfigurations = (
				F41B9B47BECE4279AFCD2367 /* Debug */,
				298B4A22FB1B47B882593DBB /* Release */,
				7E6EEEAE005C41F19ACE97AC /* MinSizeRel */,
				1175D3FACED1417BA8732AB7 /* RelWithDebInfo */,
			);
			defaultConfigurationIsVisible = 0;
			defaultConfigurationName = Debug;
		};
/* End XCConfigurationList section */
	};
	rootObject = 785C33129BEF49BD99101D26 /* Project object */;
}
